
Microsoft Visual Studio Solution File, Format Version 12.00
# Visual Studio Version 17
VisualStudioVersion = 17.11.35219.272
MinimumVisualStudioVersion = 10.0.40219.1
Project("{888888A0-9F3D-457C-B088-3A5042F75D52}") = "CompanyEmployees", "CompanyEmployees\CompanyEmployees.pyproj", "{3E0B935B-7178-4D3F-806A-49CAE379603A}"
EndProject
Global
	GlobalSection(SolutionConfigurationPlatforms) = preSolution
		Debug|Any CPU = Debug|Any CPU
		Release|Any CPU = Release|Any CPU
	EndGlobalSection
	GlobalSection(ProjectConfigurationPlatforms) = postSolution
		{3E0B935B-7178-4D3F-806A-49CAE379603A}.Debug|Any CPU.ActiveCfg = Debug|Any CPU
		{3E0B935B-7178-4D3F-806A-49CAE379603A}.Release|Any CPU.ActiveCfg = Release|Any CPU
	EndGlobalSection
	GlobalSection(SolutionProperties) = preSolution
		HideSolutionNode = FALSE
	EndGlobalSection
	GlobalSection(ExtensibilityGlobals) = postSolution
		SolutionGuid = {5548F594-034D-4406-A237-F1B0D5CD8504}
	EndGlobalSection
EndGlobal
